
Microsoft Visual Studio Solution File, Format Version 12.00
# Visual Studio Version 16
VisualStudioVersion = 16.0.30413.136
MinimumVisualStudioVersion = 10.0.40219.1
Project("{FAE04EC0-301F-11D3-BF4B-00C04F79EFBC}") = "InnoflowServer", "InnoflowServer\InnoflowServer.csproj", "{E8B5C0C1-4413-420E-80B3-A935252BD888}"
EndProject
Project("{2150E333-8FDC-42A3-9474-1A3956D46DE8}") = "Domain", "Domain", "{DF425E44-5231-4FC1-91F6-98F0123D38E5}"
EndProject
Project("{2150E333-8FDC-42A3-9474-1A3956D46DE8}") = "Infrastructure", "Infrastructure", "{C9EBA423-6BEE-492A-A5F2-AB3FC1242B49}"
EndProject
Project("{2150E333-8FDC-42A3-9474-1A3956D46DE8}") = "Services", "Services", "{8B6FBFF0-5681-457A-9BE2-20EEBB23799D}"
EndProject
Project("{FAE04EC0-301F-11D3-BF4B-00C04F79EFBC}") = "InnoflowServer.Domain.Core", "InnoflowServer.Domain.Core\InnoflowServer.Domain.Core.csproj", "{94684735-2FAF-4CBA-B7E6-549701484323}"
EndProject
Project("{FAE04EC0-301F-11D3-BF4B-00C04F79EFBC}") = "InnoflowServer.Domain.Interfaces", "InnoflowServer.Domain.Interfaces\InnoflowServer.Domain.Interfaces.csproj", "{F712992E-5761-468F-BBE3-8E8EA6838095}"
EndProject
Project("{FAE04EC0-301F-11D3-BF4B-00C04F79EFBC}") = "InnoflowServer.Infrastructure.Data", "InnoflowServer.Infrastructure.Data\InnoflowServer.Infrastructure.Data.csproj", "{6F3AA624-2C2E-41C1-A95C-B649FA22EBC4}"
EndProject
Project("{FAE04EC0-301F-11D3-BF4B-00C04F79EFBC}") = "InnoflowServer.Infrastructure.Business", "InnoflowServer.Infrastructure.Business\InnoflowServer.Infrastructure.Business.csproj", "{DFD8C44D-B55F-4EBD-A0CC-0D48EE4147F9}"
EndProject
Project("{FAE04EC0-301F-11D3-BF4B-00C04F79EFBC}") = "InnoflowServer.Services.Interfaces", "InnoflowServer.Services.Interfaces\InnoflowServer.Services.Interfaces.csproj", "{F24033DD-3047-4F0C-8110-0F240E78BE1D}"
EndProject
Global
	GlobalSection(SolutionConfigurationPlatforms) = preSolution
		Debug|Any CPU = Debug|Any CPU
		Release|Any CPU = Release|Any CPU
	EndGlobalSection
	GlobalSection(ProjectConfigurationPlatforms) = postSolution
		{E8B5C0C1-4413-420E-80B3-A935252BD888}.Debug|Any CPU.ActiveCfg = Debug|Any CPU
		{E8B5C0C1-4413-420E-80B3-A935252BD888}.Debug|Any CPU.Build.0 = Debug|Any CPU
		{E8B5C0C1-4413-420E-80B3-A935252BD888}.Release|Any CPU.ActiveCfg = Release|Any CPU
		{E8B5C0C1-4413-420E-80B3-A935252BD888}.Release|Any CPU.Build.0 = Release|Any CPU
		{94684735-2FAF-4CBA-B7E6-549701484323}.Debug|Any CPU.ActiveCfg = Debug|Any CPU
		{94684735-2FAF-4CBA-B7E6-549701484323}.Debug|Any CPU.Build.0 = Debug|Any CPU
		{94684735-2FAF-4CBA-B7E6-549701484323}.Release|Any CPU.ActiveCfg = Release|Any CPU
		{94684735-2FAF-4CBA-B7E6-549701484323}.Release|Any CPU.Build.0 = Release|Any CPU
		{F712992E-5761-468F-BBE3-8E8EA6838095}.Debug|Any CPU.ActiveCfg = Debug|Any CPU
		{F712992E-5761-468F-BBE3-8E8EA6838095}.Debug|Any CPU.Build.0 = Debug|Any CPU
		{F712992E-5761-468F-BBE3-8E8EA6838095}.Release|Any CPU.ActiveCfg = Release|Any CPU
		{F712992E-5761-468F-BBE3-8E8EA6838095}.Release|Any CPU.Build.0 = Release|Any CPU
		{6F3AA624-2C2E-41C1-A95C-B649FA22EBC4}.Debug|Any CPU.ActiveCfg = Debug|Any CPU
		{6F3AA624-2C2E-41C1-A95C-B649FA22EBC4}.Debug|Any CPU.Build.0 = Debug|Any CPU
		{6F3AA624-2C2E-41C1-A95C-B649FA22EBC4}.Release|Any CPU.ActiveCfg = Release|Any CPU
		{6F3AA624-2C2E-41C1-A95C-B649FA22EBC4}.Release|Any CPU.Build.0 = Release|Any CPU
		{DFD8C44D-B55F-4EBD-A0CC-0D48EE4147F9}.Debug|Any CPU.ActiveCfg = Debug|Any CPU
		{DFD8C44D-B55F-4EBD-A0CC-0D48EE4147F9}.Debug|Any CPU.Build.0 = Debug|Any CPU
		{DFD8C44D-B55F-4EBD-A0CC-0D48EE4147F9}.Release|Any CPU.ActiveCfg = Release|Any CPU
		{DFD8C44D-B55F-4EBD-A0CC-0D48EE4147F9}.Release|Any CPU.Build.0 = Release|Any CPU
		{F24033DD-3047-4F0C-8110-0F240E78BE1D}.Debug|Any CPU.ActiveCfg = Debug|Any CPU
		{F24033DD-3047-4F0C-8110-0F240E78BE1D}.Debug|Any CPU.Build.0 = Debug|Any CPU
		{F24033DD-3047-4F0C-8110-0F240E78BE1D}.Release|Any CPU.ActiveCfg = Release|Any CPU
		{F24033DD-3047-4F0C-8110-0F240E78BE1D}.Release|Any CPU.Build.0 = Release|Any CPU
	EndGlobalSection
	GlobalSection(SolutionProperties) = preSolution
		HideSolutionNode = FALSE
	EndGlobalSection
	GlobalSection(NestedProjects) = preSolution
		{94684735-2FAF-4CBA-B7E6-549701484323} = {DF425E44-5231-4FC1-91F6-98F0123D38E5}
		{F712992E-5761-468F-BBE3-8E8EA6838095} = {DF425E44-5231-4FC1-91F6-98F0123D38E5}
		{6F3AA624-2C2E-41C1-A95C-B649FA22EBC4} = {C9EBA423-6BEE-492A-A5F2-AB3FC1242B49}
		{DFD8C44D-B55F-4EBD-A0CC-0D48EE4147F9} = {C9EBA423-6BEE-492A-A5F2-AB3FC1242B49}
		{F24033DD-3047-4F0C-8110-0F240E78BE1D} = {8B6FBFF0-5681-457A-9BE2-20EEBB23799D}
	EndGlobalSection
	GlobalSection(ExtensibilityGlobals) = postSolution
		SolutionGuid = {B2321CB6-FA53-4234-9E5E-EA7197589962}
	EndGlobalSection
EndGlobal
